// !$*UTF8*$!
{
	archiveVersion = 1;
	classes = {
	};
	objectVersion = 56;
	objects = {

/* Begin PBXBuildFile section */
		ED5848022C545916006DF10E /* AppDelegate.swift in Sources */ = {isa = PBXBuildFile; fileRef = ED5848012C545916006DF10E /* AppDelegate.swift */; };
		ED5848042C545916006DF10E /* SceneDelegate.swift in Sources */ = {isa = PBXBuildFile; fileRef = ED5848032C545916006DF10E /* SceneDelegate.swift */; };
		ED5848092C545916006DF10E /* Base in Resources */ = {isa = PBXBuildFile; fileRef = ED5848082C545916006DF10E /* Base */; };
		ED58480B2C545917006DF10E /* Assets.xcassets in Resources */ = {isa = PBXBuildFile; fileRef = ED58480A2C545917006DF10E /* Assets.xcassets */; };
		ED58480E2C545917006DF10E /* Base in Resources */ = {isa = PBXBuildFile; fileRef = ED58480D2C545917006DF10E /* Base */; };
		ED5848242C545C3D006DF10E /* FetchArticleRepository.swift in Sources */ = {isa = PBXBuildFile; fileRef = ED5848232C545C3D006DF10E /* FetchArticleRepository.swift */; };
		ED5848262C545C7C006DF10E /* QnARepository.swift in Sources */ = {isa = PBXBuildFile; fileRef = ED5848252C545C7C006DF10E /* QnARepository.swift */; };
		ED5848282C545C85006DF10E /* SummarizeRepository.swift in Sources */ = {isa = PBXBuildFile; fileRef = ED5848272C545C85006DF10E /* SummarizeRepository.swift */; };
		ED58482D2C545D0E006DF10E /* FetchArticleUseCase.swift in Sources */ = {isa = PBXBuildFile; fileRef = ED58482C2C545D0E006DF10E /* FetchArticleUseCase.swift */; };
		ED58482F2C545D15006DF10E /* DefaultFetchArticleUseCase.swift in Sources */ = {isa = PBXBuildFile; fileRef = ED58482E2C545D15006DF10E /* DefaultFetchArticleUseCase.swift */; };
		ED5848352C545D6F006DF10E /* MakeQnAUseCase.swift in Sources */ = {isa = PBXBuildFile; fileRef = ED5848342C545D6F006DF10E /* MakeQnAUseCase.swift */; };
		ED5848372C545D73006DF10E /* DefaultMakeQnAUseCase.swift in Sources */ = {isa = PBXBuildFile; fileRef = ED5848362C545D73006DF10E /* DefaultMakeQnAUseCase.swift */; };
		ED5848392C545DA1006DF10E /* UserAnswerUseCase.swift in Sources */ = {isa = PBXBuildFile; fileRef = ED5848382C545DA1006DF10E /* UserAnswerUseCase.swift */; };
		ED58483B2C545DA6006DF10E /* DefaultUserAnswerUseCase.swift in Sources */ = {isa = PBXBuildFile; fileRef = ED58483A2C545DA6006DF10E /* DefaultUserAnswerUseCase.swift */; };
		ED58483D2C545DD1006DF10E /* UserSummarizeUseCase.swift in Sources */ = {isa = PBXBuildFile; fileRef = ED58483C2C545DD1006DF10E /* UserSummarizeUseCase.swift */; };
		ED58483F2C545DDE006DF10E /* DefaultUserSummarizeUseCase.swift in Sources */ = {isa = PBXBuildFile; fileRef = ED58483E2C545DDE006DF10E /* DefaultUserSummarizeUseCase.swift */; };
		ED5848412C546001006DF10E /* EndPoint.swift in Sources */ = {isa = PBXBuildFile; fileRef = ED5848402C546001006DF10E /* EndPoint.swift */; };
		ED5848432C546014006DF10E /* HTTPHeader.swift in Sources */ = {isa = PBXBuildFile; fileRef = ED5848422C546014006DF10E /* HTTPHeader.swift */; };
		ED5848452C546041006DF10E /* HTTPMethod.swift in Sources */ = {isa = PBXBuildFile; fileRef = ED5848442C546041006DF10E /* HTTPMethod.swift */; };
		ED5848472C546053006DF10E /* NetworkError.swift in Sources */ = {isa = PBXBuildFile; fileRef = ED5848462C546053006DF10E /* NetworkError.swift */; };
		ED5848492C5460BE006DF10E /* Provider.swift in Sources */ = {isa = PBXBuildFile; fileRef = ED5848482C5460BE006DF10E /* Provider.swift */; };
		ED58484B2C5460F0006DF10E /* Requestable.swift in Sources */ = {isa = PBXBuildFile; fileRef = ED58484A2C5460F0006DF10E /* Requestable.swift */; };
		ED58484D2C5460F9006DF10E /* Responsible.swift in Sources */ = {isa = PBXBuildFile; fileRef = ED58484C2C5460F9006DF10E /* Responsible.swift */; };
		ED58484F2C546105006DF10E /* URLSessionable.swift in Sources */ = {isa = PBXBuildFile; fileRef = ED58484E2C546105006DF10E /* URLSessionable.swift */; };
/* End PBXBuildFile section */

/* Begin PBXFileReference section */
		ED5847FE2C545916006DF10E /* shinabro.app */ = {isa = PBXFileReference; explicitFileType = wrapper.application; includeInIndex = 0; path = shinabro.app; sourceTree = BUILT_PRODUCTS_DIR; };
		ED5848012C545916006DF10E /* AppDelegate.swift */ = {isa = PBXFileReference; lastKnownFileType = sourcecode.swift; name = AppDelegate.swift; path = ../AppDelegate.swift; sourceTree = "<group>"; };
		ED5848032C545916006DF10E /* SceneDelegate.swift */ = {isa = PBXFileReference; lastKnownFileType = sourcecode.swift; name = SceneDelegate.swift; path = ../SceneDelegate.swift; sourceTree = "<group>"; };
		ED5848082C545916006DF10E /* Base */ = {isa = PBXFileReference; lastKnownFileType = file.storyboard; name = Base; path = Base.lproj/Main.storyboard; sourceTree = "<group>"; };
		ED58480A2C545917006DF10E /* Assets.xcassets */ = {isa = PBXFileReference; lastKnownFileType = folder.assetcatalog; path = Assets.xcassets; sourceTree = "<group>"; };
		ED58480D2C545917006DF10E /* Base */ = {isa = PBXFileReference; lastKnownFileType = file.storyboard; name = Base; path = Base.lproj/LaunchScreen.storyboard; sourceTree = "<group>"; };
		ED58480F2C545917006DF10E /* Info.plist */ = {isa = PBXFileReference; lastKnownFileType = text.plist.xml; path = Info.plist; sourceTree = "<group>"; };
		ED5848232C545C3D006DF10E /* FetchArticleRepository.swift */ = {isa = PBXFileReference; lastKnownFileType = sourcecode.swift; path = FetchArticleRepository.swift; sourceTree = "<group>"; };
		ED5848252C545C7C006DF10E /* QnARepository.swift */ = {isa = PBXFileReference; lastKnownFileType = sourcecode.swift; path = QnARepository.swift; sourceTree = "<group>"; };
		ED5848272C545C85006DF10E /* SummarizeRepository.swift */ = {isa = PBXFileReference; lastKnownFileType = sourcecode.swift; path = SummarizeRepository.swift; sourceTree = "<group>"; };
		ED58482C2C545D0E006DF10E /* FetchArticleUseCase.swift */ = {isa = PBXFileReference; lastKnownFileType = sourcecode.swift; path = FetchArticleUseCase.swift; sourceTree = "<group>"; };
		ED58482E2C545D15006DF10E /* DefaultFetchArticleUseCase.swift */ = {isa = PBXFileReference; lastKnownFileType = sourcecode.swift; path = DefaultFetchArticleUseCase.swift; sourceTree = "<group>"; };
		ED5848342C545D6F006DF10E /* MakeQnAUseCase.swift */ = {isa = PBXFileReference; lastKnownFileType = sourcecode.swift; path = MakeQnAUseCase.swift; sourceTree = "<group>"; };
		ED5848362C545D73006DF10E /* DefaultMakeQnAUseCase.swift */ = {isa = PBXFileReference; lastKnownFileType = sourcecode.swift; path = DefaultMakeQnAUseCase.swift; sourceTree = "<group>"; };
		ED5848382C545DA1006DF10E /* UserAnswerUseCase.swift */ = {isa = PBXFileReference; lastKnownFileType = sourcecode.swift; path = UserAnswerUseCase.swift; sourceTree = "<group>"; };
		ED58483A2C545DA6006DF10E /* DefaultUserAnswerUseCase.swift */ = {isa = PBXFileReference; lastKnownFileType = sourcecode.swift; path = DefaultUserAnswerUseCase.swift; sourceTree = "<group>"; };
		ED58483C2C545DD1006DF10E /* UserSummarizeUseCase.swift */ = {isa = PBXFileReference; lastKnownFileType = sourcecode.swift; path = UserSummarizeUseCase.swift; sourceTree = "<group>"; };
		ED58483E2C545DDE006DF10E /* DefaultUserSummarizeUseCase.swift */ = {isa = PBXFileReference; lastKnownFileType = sourcecode.swift; path = DefaultUserSummarizeUseCase.swift; sourceTree = "<group>"; };
		ED5848402C546001006DF10E /* EndPoint.swift */ = {isa = PBXFileReference; lastKnownFileType = sourcecode.swift; path = EndPoint.swift; sourceTree = "<group>"; };
		ED5848422C546014006DF10E /* HTTPHeader.swift */ = {isa = PBXFileReference; lastKnownFileType = sourcecode.swift; path = HTTPHeader.swift; sourceTree = "<group>"; };
		ED5848442C546041006DF10E /* HTTPMethod.swift */ = {isa = PBXFileReference; lastKnownFileType = sourcecode.swift; path = HTTPMethod.swift; sourceTree = "<group>"; };
		ED5848462C546053006DF10E /* NetworkError.swift */ = {isa = PBXFileReference; lastKnownFileType = sourcecode.swift; path = NetworkError.swift; sourceTree = "<group>"; };
		ED5848482C5460BE006DF10E /* Provider.swift */ = {isa = PBXFileReference; lastKnownFileType = sourcecode.swift; path = Provider.swift; sourceTree = "<group>"; };
		ED58484A2C5460F0006DF10E /* Requestable.swift */ = {isa = PBXFileReference; lastKnownFileType = sourcecode.swift; path = Requestable.swift; sourceTree = "<group>"; };
		ED58484C2C5460F9006DF10E /* Responsible.swift */ = {isa = PBXFileReference; lastKnownFileType = sourcecode.swift; path = Responsible.swift; sourceTree = "<group>"; };
		ED58484E2C546105006DF10E /* URLSessionable.swift */ = {isa = PBXFileReference; lastKnownFileType = sourcecode.swift; path = URLSessionable.swift; sourceTree = "<group>"; };
/* End PBXFileReference section */

/* Begin PBXFrameworksBuildPhase section */
		ED5847FB2C545916006DF10E /* Frameworks */ = {
			isa = PBXFrameworksBuildPhase;
			buildActionMask = 2147483647;
			files = (
			);
			runOnlyForDeploymentPostprocessing = 0;
		};
/* End PBXFrameworksBuildPhase section */

/* Begin PBXGroup section */
		ED5847F52C545916006DF10E = {
			isa = PBXGroup;
			children = (
				ED5848002C545916006DF10E /* shinabro */,
				ED5847FF2C545916006DF10E /* Products */,
			);
			sourceTree = "<group>";
		};
		ED5847FF2C545916006DF10E /* Products */ = {
			isa = PBXGroup;
			children = (
				ED5847FE2C545916006DF10E /* shinabro.app */,
			);
			name = Products;
			sourceTree = "<group>";
		};
		ED5848002C545916006DF10E /* shinabro */ = {
			isa = PBXGroup;
			children = (
				ED58481A2C545991006DF10E /* Source */,
				ED5848192C54598C006DF10E /* Resource */,
				ED5848182C545986006DF10E /* NetworkService */,
				ED5848172C545981006DF10E /* Domain */,
				ED5848162C545964006DF10E /* Data */,
				ED5848152C545960006DF10E /* Application */,
			);
			path = shinabro;
			sourceTree = "<group>";
		};
		ED5848152C545960006DF10E /* Application */ = {
			isa = PBXGroup;
			children = (
				ED5848012C545916006DF10E /* AppDelegate.swift */,
				ED5848032C545916006DF10E /* SceneDelegate.swift */,
				ED5848072C545916006DF10E /* Main.storyboard */,
				ED58480C2C545917006DF10E /* LaunchScreen.storyboard */,
			);
			path = Application;
			sourceTree = "<group>";
		};
		ED5848162C545964006DF10E /* Data */ = {
			isa = PBXGroup;
			children = (
			);
			path = Data;
			sourceTree = "<group>";
		};
		ED5848172C545981006DF10E /* Domain */ = {
			isa = PBXGroup;
			children = (
				ED5848222C545C01006DF10E /* UseCases */,
				ED5848212C545BFC006DF10E /* Repositories */,
			);
			path = Domain;
			sourceTree = "<group>";
		};
		ED5848182C545986006DF10E /* NetworkService */ = {
			isa = PBXGroup;
			children = (
				ED5848402C546001006DF10E /* EndPoint.swift */,
				ED5848422C546014006DF10E /* HTTPHeader.swift */,
				ED5848442C546041006DF10E /* HTTPMethod.swift */,
				ED5848462C546053006DF10E /* NetworkError.swift */,
				ED5848482C5460BE006DF10E /* Provider.swift */,
				ED58484A2C5460F0006DF10E /* Requestable.swift */,
				ED58484C2C5460F9006DF10E /* Responsible.swift */,
				ED58484E2C546105006DF10E /* URLSessionable.swift */,
			);
			path = NetworkService;
			sourceTree = "<group>";
		};
		ED5848192C54598C006DF10E /* Resource */ = {
			isa = PBXGroup;
			children = (
				ED58480A2C545917006DF10E /* Assets.xcassets */,
				ED58480F2C545917006DF10E /* Info.plist */,
			);
			path = Resource;
			sourceTree = "<group>";
		};
		ED58481A2C545991006DF10E /* Source */ = {
			isa = PBXGroup;
			children = (
			);
			path = Source;
			sourceTree = "<group>";
		};
		ED5848212C545BFC006DF10E /* Repositories */ = {
			isa = PBXGroup;
			children = (
				ED5848232C545C3D006DF10E /* FetchArticleRepository.swift */,
				ED5848252C545C7C006DF10E /* QnARepository.swift */,
				ED5848272C545C85006DF10E /* SummarizeRepository.swift */,
			);
			path = Repositories;
			sourceTree = "<group>";
		};
		ED5848222C545C01006DF10E /* UseCases */ = {
			isa = PBXGroup;
			children = (
				ED58482B2C545CF0006DF10E /* FetchArticleUseCase */,
				ED58482A2C545CED006DF10E /* QnAUseCase */,
				ED5848292C545CEB006DF10E /* SummarizeUseCase */,
			);
			path = UseCases;
			sourceTree = "<group>";
		};
		ED5848292C545CEB006DF10E /* SummarizeUseCase */ = {
			isa = PBXGroup;
			children = (
				ED58483C2C545DD1006DF10E /* UserSummarizeUseCase.swift */,
				ED58483E2C545DDE006DF10E /* DefaultUserSummarizeUseCase.swift */,
			);
			path = SummarizeUseCase;
			sourceTree = "<group>";
		};
		ED58482A2C545CED006DF10E /* QnAUseCase */ = {
			isa = PBXGroup;
			children = (
				ED5848332C545D50006DF10E /* MakeQnAUseCase */,
				ED5848322C545D4D006DF10E /* UserAnswerUseCase */,
			);
			path = QnAUseCase;
			sourceTree = "<group>";
		};
		ED58482B2C545CF0006DF10E /* FetchArticleUseCase */ = {
			isa = PBXGroup;
			children = (
				ED58482C2C545D0E006DF10E /* FetchArticleUseCase.swift */,
				ED58482E2C545D15006DF10E /* DefaultFetchArticleUseCase.swift */,
			);
			path = FetchArticleUseCase;
			sourceTree = "<group>";
		};
		ED5848322C545D4D006DF10E /* UserAnswerUseCase */ = {
			isa = PBXGroup;
			children = (
				ED5848382C545DA1006DF10E /* UserAnswerUseCase.swift */,
				ED58483A2C545DA6006DF10E /* DefaultUserAnswerUseCase.swift */,
			);
			path = UserAnswerUseCase;
			sourceTree = "<group>";
		};
		ED5848332C545D50006DF10E /* MakeQnAUseCase */ = {
			isa = PBXGroup;
			children = (
				ED5848342C545D6F006DF10E /* MakeQnAUseCase.swift */,
				ED5848362C545D73006DF10E /* DefaultMakeQnAUseCase.swift */,
			);
			path = MakeQnAUseCase;
			sourceTree = "<group>";
		};
/* End PBXGroup section */

/* Begin PBXNativeTarget section */
		ED5847FD2C545916006DF10E /* shinabro */ = {
			isa = PBXNativeTarget;
			buildConfigurationList = ED5848122C545917006DF10E /* Build configuration list for PBXNativeTarget "shinabro" */;
			buildPhases = (
				ED5847FA2C545916006DF10E /* Sources */,
				ED5847FB2C545916006DF10E /* Frameworks */,
				ED5847FC2C545916006DF10E /* Resources */,
			);
			buildRules = (
			);
			dependencies = (
			);
			name = shinabro;
			productName = shinabro;
			productReference = ED5847FE2C545916006DF10E /* shinabro.app */;
			productType = "com.apple.product-type.application";
		};
/* End PBXNativeTarget section */

/* Begin PBXProject section */
		ED5847F62C545916006DF10E /* Project object */ = {
			isa = PBXProject;
			attributes = {
				BuildIndependentTargetsInParallel = 1;
				LastSwiftUpdateCheck = 1540;
				LastUpgradeCheck = 1540;
				TargetAttributes = {
					ED5847FD2C545916006DF10E = {
						CreatedOnToolsVersion = 15.4;
					};
				};
			};
			buildConfigurationList = ED5847F92C545916006DF10E /* Build configuration list for PBXProject "shinabro" */;
			compatibilityVersion = "Xcode 14.0";
			developmentRegion = en;
			hasScannedForEncodings = 0;
			knownRegions = (
				en,
				Base,
			);
			mainGroup = ED5847F52C545916006DF10E;
			productRefGroup = ED5847FF2C545916006DF10E /* Products */;
			projectDirPath = "";
			projectRoot = "";
			targets = (
				ED5847FD2C545916006DF10E /* shinabro */,
			);
		};
/* End PBXProject section */

/* Begin PBXResourcesBuildPhase section */
		ED5847FC2C545916006DF10E /* Resources */ = {
			isa = PBXResourcesBuildPhase;
			buildActionMask = 2147483647;
			files = (
				ED58480B2C545917006DF10E /* Assets.xcassets in Resources */,
				ED58480E2C545917006DF10E /* Base in Resources */,
				ED5848092C545916006DF10E /* Base in Resources */,
			);
			runOnlyForDeploymentPostprocessing = 0;
		};
/* End PBXResourcesBuildPhase section */

/* Begin PBXSourcesBuildPhase section */
		ED5847FA2C545916006DF10E /* Sources */ = {
			isa = PBXSourcesBuildPhase;
			buildActionMask = 2147483647;
			files = (
				ED58484B2C5460F0006DF10E /* Requestable.swift in Sources */,
				ED5848472C546053006DF10E /* NetworkError.swift in Sources */,
				ED5848242C545C3D006DF10E /* FetchArticleRepository.swift in Sources */,
				ED5848372C545D73006DF10E /* DefaultMakeQnAUseCase.swift in Sources */,
				ED5848022C545916006DF10E /* AppDelegate.swift in Sources */,
				ED5848492C5460BE006DF10E /* Provider.swift in Sources */,
				ED58484D2C5460F9006DF10E /* Responsible.swift in Sources */,
				ED5848282C545C85006DF10E /* SummarizeRepository.swift in Sources */,
				ED5848262C545C7C006DF10E /* QnARepository.swift in Sources */,
				ED58483F2C545DDE006DF10E /* DefaultUserSummarizeUseCase.swift in Sources */,
				ED5848042C545916006DF10E /* SceneDelegate.swift in Sources */,
				ED58483D2C545DD1006DF10E /* UserSummarizeUseCase.swift in Sources */,
				ED5848392C545DA1006DF10E /* UserAnswerUseCase.swift in Sources */,
				ED58484F2C546105006DF10E /* URLSessionable.swift in Sources */,
				ED58483B2C545DA6006DF10E /* DefaultUserAnswerUseCase.swift in Sources */,
				ED58482D2C545D0E006DF10E /* FetchArticleUseCase.swift in Sources */,
				ED5848352C545D6F006DF10E /* MakeQnAUseCase.swift in Sources */,
				ED5848452C546041006DF10E /* HTTPMethod.swift in Sources */,
				ED5848432C546014006DF10E /* HTTPHeader.swift in Sources */,
				ED5848412C546001006DF10E /* EndPoint.swift in Sources */,
				ED58482F2C545D15006DF10E /* DefaultFetchArticleUseCase.swift in Sources */,
			);
			runOnlyForDeploymentPostprocessing = 0;
		};
/* End PBXSourcesBuildPhase section */

/* Begin PBXVariantGroup section */
		ED5848072C545916006DF10E /* Main.storyboard */ = {
			isa = PBXVariantGroup;
			children = (
				ED5848082C545916006DF10E /* Base */,
			);
			name = Main.storyboard;
			sourceTree = "<group>";
		};
		ED58480C2C545917006DF10E /* LaunchScreen.storyboard */ = {
			isa = PBXVariantGroup;
			children = (
				ED58480D2C545917006DF10E /* Base */,
			);
			name = LaunchScreen.storyboard;
			sourceTree = "<group>";
		};
/* End PBXVariantGroup section */

/* Begin XCBuildConfiguration section */
		ED5848102C545917006DF10E /* Debug */ = {
			isa = XCBuildConfiguration;
			buildSettings = {
				ALWAYS_SEARCH_USER_PATHS = NO;
				ASSETCATALOG_COMPILER_GENERATE_SWIFT_ASSET_SYMBOL_EXTENSIONS = YES;
				CLANG_ANALYZER_NONNULL = YES;
				CLANG_ANALYZER_NUMBER_OBJECT_CONVERSION = YES_AGGRESSIVE;
				CLANG_CXX_LANGUAGE_STANDARD = "gnu++20";
				CLANG_ENABLE_MODULES = YES;
				CLANG_ENABLE_OBJC_ARC = YES;
				CLANG_ENABLE_OBJC_WEAK = YES;
				CLANG_WARN_BLOCK_CAPTURE_AUTORELEASING = YES;
				CLANG_WARN_BOOL_CONVERSION = YES;
				CLANG_WARN_COMMA = YES;
				CLANG_WARN_CONSTANT_CONVERSION = YES;
				CLANG_WARN_DEPRECATED_OBJC_IMPLEMENTATIONS = YES;
				CLANG_WARN_DIRECT_OBJC_ISA_USAGE = YES_ERROR;
				CLANG_WARN_DOCUMENTATION_COMMENTS = YES;
				CLANG_WARN_EMPTY_BODY = YES;
				CLANG_WARN_ENUM_CONVERSION = YES;
				CLANG_WARN_INFINITE_RECURSION = YES;
				CLANG_WARN_INT_CONVERSION = YES;
				CLANG_WARN_NON_LITERAL_NULL_CONVERSION = YES;
				CLANG_WARN_OBJC_IMPLICIT_RETAIN_SELF = YES;
				CLANG_WARN_OBJC_LITERAL_CONVERSION = YES;
				CLANG_WARN_OBJC_ROOT_CLASS = YES_ERROR;
				CLANG_WARN_QUOTED_INCLUDE_IN_FRAMEWORK_HEADER = YES;
				CLANG_WARN_RANGE_LOOP_ANALYSIS = YES;
				CLANG_WARN_STRICT_PROTOTYPES = YES;
				CLANG_WARN_SUSPICIOUS_MOVE = YES;
				CLANG_WARN_UNGUARDED_AVAILABILITY = YES_AGGRESSIVE;
				CLANG_WARN_UNREACHABLE_CODE = YES;
				CLANG_WARN__DUPLICATE_METHOD_MATCH = YES;
				COPY_PHASE_STRIP = NO;
				DEBUG_INFORMATION_FORMAT = dwarf;
				ENABLE_STRICT_OBJC_MSGSEND = YES;
				ENABLE_TESTABILITY = YES;
				ENABLE_USER_SCRIPT_SANDBOXING = YES;
				GCC_C_LANGUAGE_STANDARD = gnu17;
				GCC_DYNAMIC_NO_PIC = NO;
				GCC_NO_COMMON_BLOCKS = YES;
				GCC_OPTIMIZATION_LEVEL = 0;
				GCC_PREPROCESSOR_DEFINITIONS = (
					"DEBUG=1",
					"$(inherited)",
				);
				GCC_WARN_64_TO_32_BIT_CONVERSION = YES;
				GCC_WARN_ABOUT_RETURN_TYPE = YES_ERROR;
				GCC_WARN_UNDECLARED_SELECTOR = YES;
				GCC_WARN_UNINITIALIZED_AUTOS = YES_AGGRESSIVE;
				GCC_WARN_UNUSED_FUNCTION = YES;
				GCC_WARN_UNUSED_VARIABLE = YES;
				IPHONEOS_DEPLOYMENT_TARGET = 17.5;
				LOCALIZATION_PREFERS_STRING_CATALOGS = YES;
				MTL_ENABLE_DEBUG_INFO = INCLUDE_SOURCE;
				MTL_FAST_MATH = YES;
				ONLY_ACTIVE_ARCH = YES;
				SDKROOT = iphoneos;
				SWIFT_ACTIVE_COMPILATION_CONDITIONS = "DEBUG $(inherited)";
				SWIFT_OPTIMIZATION_LEVEL = "-Onone";
			};
			name = Debug;
		};
		ED5848112C545917006DF10E /* Release */ = {
			isa = XCBuildConfiguration;
			buildSettings = {
				ALWAYS_SEARCH_USER_PATHS = NO;
				ASSETCATALOG_COMPILER_GENERATE_SWIFT_ASSET_SYMBOL_EXTENSIONS = YES;
				CLANG_ANALYZER_NONNULL = YES;
				CLANG_ANALYZER_NUMBER_OBJECT_CONVERSION = YES_AGGRESSIVE;
				CLANG_CXX_LANGUAGE_STANDARD = "gnu++20";
				CLANG_ENABLE_MODULES = YES;
				CLANG_ENABLE_OBJC_ARC = YES;
				CLANG_ENABLE_OBJC_WEAK = YES;
				CLANG_WARN_BLOCK_CAPTURE_AUTORELEASING = YES;
				CLANG_WARN_BOOL_CONVERSION = YES;
				CLANG_WARN_COMMA = YES;
				CLANG_WARN_CONSTANT_CONVERSION = YES;
				CLANG_WARN_DEPRECATED_OBJC_IMPLEMENTATIONS = YES;
				CLANG_WARN_DIRECT_OBJC_ISA_USAGE = YES_ERROR;
				CLANG_WARN_DOCUMENTATION_COMMENTS = YES;
				CLANG_WARN_EMPTY_BODY = YES;
				CLANG_WARN_ENUM_CONVERSION = YES;
				CLANG_WARN_INFINITE_RECURSION = YES;
				CLANG_WARN_INT_CONVERSION = YES;
				CLANG_WARN_NON_LITERAL_NULL_CONVERSION = YES;
				CLANG_WARN_OBJC_IMPLICIT_RETAIN_SELF = YES;
				CLANG_WARN_OBJC_LITERAL_CONVERSION = YES;
				CLANG_WARN_OBJC_ROOT_CLASS = YES_ERROR;
				CLANG_WARN_QUOTED_INCLUDE_IN_FRAMEWORK_HEADER = YES;
				CLANG_WARN_RANGE_LOOP_ANALYSIS = YES;
				CLANG_WARN_STRICT_PROTOTYPES = YES;
				CLANG_WARN_SUSPICIOUS_MOVE = YES;
				CLANG_WARN_UNGUARDED_AVAILABILITY = YES_AGGRESSIVE;
				CLANG_WARN_UNREACHABLE_CODE = YES;
				CLANG_WARN__DUPLICATE_METHOD_MATCH = YES;
				COPY_PHASE_STRIP = NO;
				DEBUG_INFORMATION_FORMAT = "dwarf-with-dsym";
				ENABLE_NS_ASSERTIONS = NO;
				ENABLE_STRICT_OBJC_MSGSEND = YES;
				ENABLE_USER_SCRIPT_SANDBOXING = YES;
				GCC_C_LANGUAGE_STANDARD = gnu17;
				GCC_NO_COMMON_BLOCKS = YES;
				GCC_WARN_64_TO_32_BIT_CONVERSION = YES;
				GCC_WARN_ABOUT_RETURN_TYPE = YES_ERROR;
				GCC_WARN_UNDECLARED_SELECTOR = YES;
				GCC_WARN_UNINITIALIZED_AUTOS = YES_AGGRESSIVE;
				GCC_WARN_UNUSED_FUNCTION = YES;
				GCC_WARN_UNUSED_VARIABLE = YES;
				IPHONEOS_DEPLOYMENT_TARGET = 17.5;
				LOCALIZATION_PREFERS_STRING_CATALOGS = YES;
				MTL_ENABLE_DEBUG_INFO = NO;
				MTL_FAST_MATH = YES;
				SDKROOT = iphoneos;
				SWIFT_COMPILATION_MODE = wholemodule;
				VALIDATE_PRODUCT = YES;
			};
			name = Release;
		};
		ED5848132C545917006DF10E /* Debug */ = {
			isa = XCBuildConfiguration;
			buildSettings = {
				ASSETCATALOG_COMPILER_APPICON_NAME = AppIcon;
				ASSETCATALOG_COMPILER_GLOBAL_ACCENT_COLOR_NAME = AccentColor;
				CODE_SIGN_STYLE = Automatic;
				CURRENT_PROJECT_VERSION = 1;
				DEVELOPMENT_TEAM = XHR9MP59GX;
				GENERATE_INFOPLIST_FILE = YES;
				INFOPLIST_FILE = shinabro/Info.plist;
				INFOPLIST_KEY_UIApplicationSupportsIndirectInputEvents = YES;
				INFOPLIST_KEY_UILaunchStoryboardName = LaunchScreen;
				INFOPLIST_KEY_UIMainStoryboardFile = Main;
				INFOPLIST_KEY_UISupportedInterfaceOrientations_iPad = "UIInterfaceOrientationPortrait UIInterfaceOrientationPortraitUpsideDown UIInterfaceOrientationLandscapeLeft UIInterfaceOrientationLandscapeRight";
				INFOPLIST_KEY_UISupportedInterfaceOrientations_iPhone = "UIInterfaceOrientationPortrait UIInterfaceOrientationLandscapeLeft UIInterfaceOrientationLandscapeRight";
				LD_RUNPATH_SEARCH_PATHS = (
					"$(inherited)",
					"@executable_path/Frameworks",
				);
				MARKETING_VERSION = 1.0;
				PRODUCT_BUNDLE_IDENTIFIER = evolroop.shinabro;
				PRODUCT_NAME = "$(TARGET_NAME)";
				SWIFT_EMIT_LOC_STRINGS = YES;
				SWIFT_VERSION = 5.0;
				TARGETED_DEVICE_FAMILY = "1,2";
			};
			name = Debug;
		};
		ED5848142C545917006DF10E /* Release */ = {
			isa = XCBuildConfiguration;
			buildSettings = {
				ASSETCATALOG_COMPILER_APPICON_NAME = AppIcon;
				ASSETCATALOG_COMPILER_GLOBAL_ACCENT_COLOR_NAME = AccentColor;
				CODE_SIGN_STYLE = Automatic;
				CURRENT_PROJECT_VERSION = 1;
				DEVELOPMENT_TEAM = XHR9MP59GX;
				GENERATE_INFOPLIST_FILE = YES;
				INFOPLIST_FILE = shinabro/Info.plist;
				INFOPLIST_KEY_UIApplicationSupportsIndirectInputEvents = YES;
				INFOPLIST_KEY_UILaunchStoryboardName = LaunchScreen;
				INFOPLIST_KEY_UIMainStoryboardFile = Main;
				INFOPLIST_KEY_UISupportedInterfaceOrientations_iPad = "UIInterfaceOrientationPortrait UIInterfaceOrientationPortraitUpsideDown UIInterfaceOrientationLandscapeLeft UIInterfaceOrientationLandscapeRight";
				INFOPLIST_KEY_UISupportedInterfaceOrientations_iPhone = "UIInterfaceOrientationPortrait UIInterfaceOrientationLandscapeLeft UIInterfaceOrientationLandscapeRight";
				LD_RUNPATH_SEARCH_PATHS = (
					"$(inherited)",
					"@executable_path/Frameworks",
				);
				MARKETING_VERSION = 1.0;
				PRODUCT_BUNDLE_IDENTIFIER = evolroop.shinabro;
				PRODUCT_NAME = "$(TARGET_NAME)";
				SWIFT_EMIT_LOC_STRINGS = YES;
				SWIFT_VERSION = 5.0;
				TARGETED_DEVICE_FAMILY = "1,2";
			};
			name = Release;
		};
/* End XCBuildConfiguration section */

/* Begin XCConfigurationList section */
		ED5847F92C545916006DF10E /* Build configuration list for PBXProject "shinabro" */ = {
			isa = XCConfigurationList;
			buildConfigurations = (
				ED5848102C545917006DF10E /* Debug */,
				ED5848112C545917006DF10E /* Release */,
			);
			defaultConfigurationIsVisible = 0;
			defaultConfigurationName = Release;
		};
		ED5848122C545917006DF10E /* Build configuration list for PBXNativeTarget "shinabro" */ = {
			isa = XCConfigurationList;
			buildConfigurations = (
				ED5848132C545917006DF10E /* Debug */,
				ED5848142C545917006DF10E /* Release */,
			);
			defaultConfigurationIsVisible = 0;
			defaultConfigurationName = Release;
		};
/* End XCConfigurationList section */
	};
	rootObject = ED5847F62C545916006DF10E /* Project object */;
}
